{
  "lockfileVersion": 1,
  "workspaces": {
    "": {
      "dependencies": {
        "husky": "^9.1.7",
        "js-yaml": "^4.1.0",
        "uhtml": "^4.7.0",
      },
    },
  },
  "packages": {
    "@preact/signals-core": ["@preact/signals-core@1.8.0", "", {}, "sha512-OBvUsRZqNmjzCZXWLxkZfhcgT+Fk8DDcT/8vD6a1xhDemodyy87UJRJfASMuSD8FaAIeGgGm85ydXhm7lr4fyA=="],

    "@webreflection/signal": ["@webreflection/signal@2.1.2", "", {}, "sha512-0dW0fstQQkIt588JwhDiPS4xgeeQcQnBHn6MVInrBzmFlnLtzoSJL9G7JqdAlZVVi19tfb8R1QisZIT31cgiug=="],

    "@webreflection/uparser": ["@webreflection/uparser@0.4.0", "", { "dependencies": { "domconstants": "^1.1.6" } }, "sha512-kAFWUEw5eool295y01VDr+DOsyog6lURX9l288JCJAD2gxc0tFk34dYaAi6O3BbJyfSoncVEV+nw87bsssdppQ=="],

    "argparse": ["argparse@2.0.1", "", {}, "sha512-8+9WqebbFzpX9OR+Wa6O29asIogeRMzcGtAINdpMHHyAg10f05aSFVBbcEqGf/PXw1EjAZ+q2/bEBg3DvurK3Q=="],

    "custom-function": ["custom-function@2.0.0", "", {}, "sha512-2OPHkZzq3mK1nWpJqWWkGD6Z+0AajNeIxmXl+MRVL8Vysjjf5tf9B5mo713/X2khEwBn/3BKQ7NphpP1vpVKug=="],

    "dom-serializer": ["dom-serializer@2.0.0", "", { "dependencies": { "domelementtype": "^2.3.0", "domhandler": "^5.0.2", "entities": "^4.2.0" } }, "sha512-wIkAryiqt/nV5EQKqQpo3SToSOV9J0DnbJqwK7Wv/Trc92zIAYZ4FlMu+JPFW1DfGFt81ZTCGgDEabffXeLyJg=="],

    "domconstants": ["domconstants@1.1.6", "", {}, "sha512-CuaDrThJ4VM+LyZ4ax8n52k0KbLJZtffyGkuj1WhpTRRcSfcy/9DfOBa68jenhX96oNUTunblSJEUNC4baFdmQ=="],

    "domelementtype": ["domelementtype@2.3.0", "", {}, "sha512-OLETBj6w0OsagBwdXnPdN0cnMfF9opN69co+7ZrbfPGrdpPVNBUj02spi6B1N7wChLQiPn4CSH/zJvXw56gmHw=="],

    "domhandler": ["domhandler@5.0.3", "", { "dependencies": { "domelementtype": "^2.3.0" } }, "sha512-cgwlv/1iFQiFnU96XXgROh8xTeetsnJiDsTc7TYCLFd9+/WNkIqPTxiM/8pSd8VIrhXGTf1Ny1q1hquVqDJB5w=="],

    "domutils": ["domutils@3.2.2", "", { "dependencies": { "dom-serializer": "^2.0.0", "domelementtype": "^2.3.0", "domhandler": "^5.0.3" } }, "sha512-6kZKyUajlDuqlHKVX1w7gyslj9MPIXzIFiz/rGu35uC1wMi+kMhQwGhl4lt9unC9Vb9INnY9Z3/ZA3+FhASLaw=="],

    "entities": ["entities@4.5.0", "", {}, "sha512-V0hjH4dGPh9Ao5p0MoRY6BVqtwCjhz6vI5LT8AJ55H+4g9/4vbHx1I54fS0XuclLhDHArPQCiMjDxjaL8fPxhw=="],

    "gc-hook": ["gc-hook@0.4.1", "", {}, "sha512-uiF+uUftDVLr+VRdudsdsT3/LQYnv2ntwhRH964O7xXDI57Smrek5olv75Wb8Nnz6U+7iVTRXsBlxKcsaDTJTQ=="],

    "html-escaper": ["html-escaper@3.0.3", "", {}, "sha512-RuMffC89BOWQoY0WKGpIhn5gX3iI54O6nRA0yC124NYVtzjmFWBIiFd8M0x+ZdX0P9R4lADg1mgP8C7PxGOWuQ=="],

    "htmlparser2": ["htmlparser2@9.1.0", "", { "dependencies": { "domelementtype": "^2.3.0", "domhandler": "^5.0.3", "domutils": "^3.1.0", "entities": "^4.5.0" } }, "sha512-5zfg6mHUoaer/97TxnGpxmbR7zJtPwIYFMZ/H5ucTlPZhKvtum05yiPK3Mgai3a0DyVxv7qYqoweaEd2nrYQzQ=="],

    "husky": ["husky@9.1.7", "", { "bin": { "husky": "bin.js" } }, "sha512-5gs5ytaNjBrh5Ow3zrvdUUY+0VxIuWVL4i9irt6friV+BqdCfmV11CQTWMiBYWHbXhco+J1kHfTOUkePhCDvMA=="],

    "js-yaml": ["js-yaml@4.1.0", "", { "dependencies": { "argparse": "^2.0.1" }, "bin": { "js-yaml": "bin/js-yaml.js" } }, "sha512-wpxZs9NoxZaJESJGIZTyDEaYpl0FKSA+FB9aJiyemKhMwkxQg63h4T1KJgUGHpTqPDNRcmmYLugrRjJlBtWvRA=="],

    "udomdiff": ["udomdiff@1.1.2", "", {}, "sha512-v+Z8Jal+GtmKGtJ34GIQlCJAxrDt9kbjpNsNvYoAXFyr4gNfWlD4uJJuoNNu/0UTVaKvQwHaSU095YDl71lKPw=="],

    "uhtml": ["uhtml@4.7.0", "", { "dependencies": { "@webreflection/uparser": "^0.4.0", "custom-function": "^2.0.0", "domconstants": "^1.1.6", "gc-hook": "^0.4.1", "html-escaper": "^3.0.3", "htmlparser2": "^9.1.0", "udomdiff": "^1.1.2" }, "optionalDependencies": { "@preact/signals-core": "^1.8.0", "@webreflection/signal": "^2.1.2" } }, "sha512-3j0YIvbu863FB27mwnuLcKK0zPsHVQWwUs/GFanVz/QSwsItT/lOcGKmIdpqlcfWpYBCBoMEdfK0vIN/P2kCmg=="],
  }
}
